
Microsoft Visual Studio Solution File, Format Version 12.00
# Visual Studio 15
VisualStudioVersion = 15.0.28307.271
MinimumVisualStudioVersion = 10.0.40219.1
Project("{FAE04EC0-301F-11D3-BF4B-00C04F79EFBC}") = "aplicacionMvc", "aplicacionMvc\aplicacionMvc.csproj", "{3129D4F3-1CF8-4618-A95D-C9199C45258B}"
EndProject
Project("{FAE04EC0-301F-11D3-BF4B-00C04F79EFBC}") = "Model", "..\primerAplicacionMvc\Model\Model.csproj", "{0828BA70-0FC3-4F6A-9E84-2C4C1D800347}"
EndProject
Global
	GlobalSection(SolutionConfigurationPlatforms) = preSolution
		Debug|Any CPU = Debug|Any CPU
		Release|Any CPU = Release|Any CPU
	EndGlobalSection
	GlobalSection(ProjectConfigurationPlatforms) = postSolution
		{3129D4F3-1CF8-4618-A95D-C9199C45258B}.Debug|Any CPU.ActiveCfg = Debug|Any CPU
		{3129D4F3-1CF8-4618-A95D-C9199C45258B}.Debug|Any CPU.Build.0 = Debug|Any CPU
		{3129D4F3-1CF8-4618-A95D-C9199C45258B}.Release|Any CPU.ActiveCfg = Release|Any CPU
		{3129D4F3-1CF8-4618-A95D-C9199C45258B}.Release|Any CPU.Build.0 = Release|Any CPU
		{0828BA70-0FC3-4F6A-9E84-2C4C1D800347}.Debug|Any CPU.ActiveCfg = Debug|Any CPU
		{0828BA70-0FC3-4F6A-9E84-2C4C1D800347}.Debug|Any CPU.Build.0 = Debug|Any CPU
		{0828BA70-0FC3-4F6A-9E84-2C4C1D800347}.Release|Any CPU.ActiveCfg = Release|Any CPU
		{0828BA70-0FC3-4F6A-9E84-2C4C1D800347}.Release|Any CPU.Build.0 = Release|Any CPU
	EndGlobalSection
	GlobalSection(SolutionProperties) = preSolution
		HideSolutionNode = FALSE
	EndGlobalSection
	GlobalSection(ExtensibilityGlobals) = postSolution
		SolutionGuid = {3175B7B0-7940-4ED4-AA09-915F22F89345}
	EndGlobalSection
EndGlobal
